
Microsoft Visual Studio Solution File, Format Version 12.00
# Visual Studio Version 16
VisualStudioVersion = 16.0.31019.35
MinimumVisualStudioVersion = 10.0.40219.1
Project("{FAE04EC0-301F-11D3-BF4B-00C04F79EFBC}") = "Ex03.GarageLogic", "Ex03.GarageLogic\Ex03.GarageLogic.csproj", "{E8BD8FFE-1241-42AD-B263-BD6F25071CDF}"
EndProject
Project("{FAE04EC0-301F-11D3-BF4B-00C04F79EFBC}") = "Ex03.ConsoleUI", "Ex03.ConsoleUI\Ex03.ConsoleUI.csproj", "{54DE19A8-76C5-4182-B061-9EDF9AA9FC22}"
EndProject
Project("{2150E333-8FDC-42A3-9474-1A3956D46DE8}") = "Solution Items", "Solution Items", "{FA3E158B-1FC4-434D-9F00-146E33ABCEA8}"
	ProjectSection(SolutionItems) = preProject
		StudentsReport.txt = StudentsReport.txt
	EndProjectSection
EndProject
Global
	GlobalSection(SolutionConfigurationPlatforms) = preSolution
		Debug|Any CPU = Debug|Any CPU
		Release|Any CPU = Release|Any CPU
	EndGlobalSection
	GlobalSection(ProjectConfigurationPlatforms) = postSolution
		{E8BD8FFE-1241-42AD-B263-BD6F25071CDF}.Debug|Any CPU.ActiveCfg = Debug|Any CPU
		{E8BD8FFE-1241-42AD-B263-BD6F25071CDF}.Debug|Any CPU.Build.0 = Debug|Any CPU
		{E8BD8FFE-1241-42AD-B263-BD6F25071CDF}.Release|Any CPU.ActiveCfg = Release|Any CPU
		{E8BD8FFE-1241-42AD-B263-BD6F25071CDF}.Release|Any CPU.Build.0 = Release|Any CPU
		{54DE19A8-76C5-4182-B061-9EDF9AA9FC22}.Debug|Any CPU.ActiveCfg = Debug|Any CPU
		{54DE19A8-76C5-4182-B061-9EDF9AA9FC22}.Debug|Any CPU.Build.0 = Debug|Any CPU
		{54DE19A8-76C5-4182-B061-9EDF9AA9FC22}.Release|Any CPU.ActiveCfg = Release|Any CPU
		{54DE19A8-76C5-4182-B061-9EDF9AA9FC22}.Release|Any CPU.Build.0 = Release|Any CPU
	EndGlobalSection
	GlobalSection(SolutionProperties) = preSolution
		HideSolutionNode = FALSE
	EndGlobalSection
	GlobalSection(ExtensibilityGlobals) = postSolution
		SolutionGuid = {75A778C0-63AC-4BFA-8170-3E7D73F3133B}
	EndGlobalSection
EndGlobal
